
Microsoft Visual Studio Solution File, Format Version 12.00
# Visual Studio Version 17
VisualStudioVersion = 17.1.32407.343
MinimumVisualStudioVersion = 10.0.40219.1
Project("{2150E333-8FDC-42A3-9474-1A3956D46DE8}") = "main", "main", "{603D9094-20E8-4E7E-8F99-3CA40D8F169B}"
EndProject
Project("{2150E333-8FDC-42A3-9474-1A3956D46DE8}") = "tests", "tests", "{985C5168-18EC-47D4-88BA-E2060DDAE24B}"
EndProject
Project("{9A19103F-16F7-4668-BE54-9A1E7A4F7556}") = "Bdv.Domain", "src\Bdv.Domain\Bdv.Domain.csproj", "{18E84B56-C39A-4875-9C8D-B959D23F740B}"
EndProject
Project("{9A19103F-16F7-4668-BE54-9A1E7A4F7556}") = "Bdv.DataAccess", "src\Bdv.DataAccess\Bdv.DataAccess.csproj", "{38D43168-E25E-4858-87EF-D112DE581961}"
EndProject
Project("{9A19103F-16F7-4668-BE54-9A1E7A4F7556}") = "Bdv.Redis", "src\Bdv.Redis\Bdv.Redis.csproj", "{02337F78-83BF-4019-9DD3-FF4706845BA3}"
EndProject
Project("{9A19103F-16F7-4668-BE54-9A1E7A4F7556}") = "Bdv.Authentication", "src\Bdv.Authentication\Bdv.Authentication.csproj", "{87ACD206-D476-435F-970B-D6C9E8D74D2D}"
EndProject
Project("{9A19103F-16F7-4668-BE54-9A1E7A4F7556}") = "Bdv.Common", "src\Bdv.Common\Bdv.Common.csproj", "{5AC011B9-A9BE-426D-9F5B-405F683753AB}"
EndProject
Project("{FAE04EC0-301F-11D3-BF4B-00C04F79EFBC}") = "Bdv.Libraries.Tests.Integration", "tests\Bdv.Libraries.Tests.Integration\Bdv.Libraries.Tests.Integration.csproj", "{9E6BA43C-5550-4F73-84B7-86EBDDD7D89B}"
EndProject
Global
	GlobalSection(SolutionConfigurationPlatforms) = preSolution
		Debug|Any CPU = Debug|Any CPU
		Release|Any CPU = Release|Any CPU
	EndGlobalSection
	GlobalSection(ProjectConfigurationPlatforms) = postSolution
		{18E84B56-C39A-4875-9C8D-B959D23F740B}.Debug|Any CPU.ActiveCfg = Debug|Any CPU
		{18E84B56-C39A-4875-9C8D-B959D23F740B}.Debug|Any CPU.Build.0 = Debug|Any CPU
		{18E84B56-C39A-4875-9C8D-B959D23F740B}.Release|Any CPU.ActiveCfg = Release|Any CPU
		{18E84B56-C39A-4875-9C8D-B959D23F740B}.Release|Any CPU.Build.0 = Release|Any CPU
		{38D43168-E25E-4858-87EF-D112DE581961}.Debug|Any CPU.ActiveCfg = Debug|Any CPU
		{38D43168-E25E-4858-87EF-D112DE581961}.Debug|Any CPU.Build.0 = Debug|Any CPU
		{38D43168-E25E-4858-87EF-D112DE581961}.Release|Any CPU.ActiveCfg = Release|Any CPU
		{38D43168-E25E-4858-87EF-D112DE581961}.Release|Any CPU.Build.0 = Release|Any CPU
		{02337F78-83BF-4019-9DD3-FF4706845BA3}.Debug|Any CPU.ActiveCfg = Debug|Any CPU
		{02337F78-83BF-4019-9DD3-FF4706845BA3}.Debug|Any CPU.Build.0 = Debug|Any CPU
		{02337F78-83BF-4019-9DD3-FF4706845BA3}.Release|Any CPU.ActiveCfg = Release|Any CPU
		{02337F78-83BF-4019-9DD3-FF4706845BA3}.Release|Any CPU.Build.0 = Release|Any CPU
		{87ACD206-D476-435F-970B-D6C9E8D74D2D}.Debug|Any CPU.ActiveCfg = Debug|Any CPU
		{87ACD206-D476-435F-970B-D6C9E8D74D2D}.Debug|Any CPU.Build.0 = Debug|Any CPU
		{87ACD206-D476-435F-970B-D6C9E8D74D2D}.Release|Any CPU.ActiveCfg = Release|Any CPU
		{87ACD206-D476-435F-970B-D6C9E8D74D2D}.Release|Any CPU.Build.0 = Release|Any CPU
		{5AC011B9-A9BE-426D-9F5B-405F683753AB}.Debug|Any CPU.ActiveCfg = Debug|Any CPU
		{5AC011B9-A9BE-426D-9F5B-405F683753AB}.Debug|Any CPU.Build.0 = Debug|Any CPU
		{5AC011B9-A9BE-426D-9F5B-405F683753AB}.Release|Any CPU.ActiveCfg = Release|Any CPU
		{5AC011B9-A9BE-426D-9F5B-405F683753AB}.Release|Any CPU.Build.0 = Release|Any CPU
		{9E6BA43C-5550-4F73-84B7-86EBDDD7D89B}.Debug|Any CPU.ActiveCfg = Debug|Any CPU
		{9E6BA43C-5550-4F73-84B7-86EBDDD7D89B}.Debug|Any CPU.Build.0 = Debug|Any CPU
		{9E6BA43C-5550-4F73-84B7-86EBDDD7D89B}.Release|Any CPU.ActiveCfg = Release|Any CPU
		{9E6BA43C-5550-4F73-84B7-86EBDDD7D89B}.Release|Any CPU.Build.0 = Release|Any CPU
	EndGlobalSection
	GlobalSection(SolutionProperties) = preSolution
		HideSolutionNode = FALSE
	EndGlobalSection
	GlobalSection(NestedProjects) = preSolution
		{18E84B56-C39A-4875-9C8D-B959D23F740B} = {603D9094-20E8-4E7E-8F99-3CA40D8F169B}
		{38D43168-E25E-4858-87EF-D112DE581961} = {603D9094-20E8-4E7E-8F99-3CA40D8F169B}
		{02337F78-83BF-4019-9DD3-FF4706845BA3} = {603D9094-20E8-4E7E-8F99-3CA40D8F169B}
		{87ACD206-D476-435F-970B-D6C9E8D74D2D} = {603D9094-20E8-4E7E-8F99-3CA40D8F169B}
		{5AC011B9-A9BE-426D-9F5B-405F683753AB} = {603D9094-20E8-4E7E-8F99-3CA40D8F169B}
		{9E6BA43C-5550-4F73-84B7-86EBDDD7D89B} = {985C5168-18EC-47D4-88BA-E2060DDAE24B}
	EndGlobalSection
	GlobalSection(ExtensibilityGlobals) = postSolution
		SolutionGuid = {B765C7B9-0932-422F-9A2B-E1F0353EDC8B}
	EndGlobalSection
EndGlobal
