
Microsoft Visual Studio Solution File, Format Version 12.00
# Visual Studio Version 17
VisualStudioVersion = 17.1.32407.343
MinimumVisualStudioVersion = 10.0.40219.1
Project("{FAE04EC0-301F-11D3-BF4B-00C04F79EFBC}") = "Bdv.Domain", "Bdv.Domain\Bdv.Domain.csproj", "{5C9491CE-AF71-43B2-9499-297AD25F4524}"
EndProject
Global
	GlobalSection(SolutionConfigurationPlatforms) = preSolution
		Debug|Any CPU = Debug|Any CPU
		Release|Any CPU = Release|Any CPU
	EndGlobalSection
	GlobalSection(ProjectConfigurationPlatforms) = postSolution
		{5C9491CE-AF71-43B2-9499-297AD25F4524}.Debug|Any CPU.ActiveCfg = Debug|Any CPU
		{5C9491CE-AF71-43B2-9499-297AD25F4524}.Debug|Any CPU.Build.0 = Debug|Any CPU
		{5C9491CE-AF71-43B2-9499-297AD25F4524}.Release|Any CPU.ActiveCfg = Release|Any CPU
		{5C9491CE-AF71-43B2-9499-297AD25F4524}.Release|Any CPU.Build.0 = Release|Any CPU
	EndGlobalSection
	GlobalSection(SolutionProperties) = preSolution
		HideSolutionNode = FALSE
	EndGlobalSection
	GlobalSection(ExtensibilityGlobals) = postSolution
		SolutionGuid = {B765C7B9-0932-422F-9A2B-E1F0353EDC8B}
	EndGlobalSection
EndGlobal
